
Microsoft Visual Studio Solution File, Format Version 12.00
# Visual Studio Version 17
VisualStudioVersion = 17.3.32929.385
MinimumVisualStudioVersion = 10.0.40219.1
Project("{9A19103F-16F7-4668-BE54-9A1E7A4F7556}") = "AMSGetFlightRestAPI", "AMSGetFlightRestAPI\AMSGetFlightRestAPI.csproj", "{7993BD2A-0B17-4987-B018-612B0C85CC84}"
EndProject
Global
	GlobalSection(SolutionConfigurationPlatforms) = preSolution
		Debug|Any CPU = Debug|Any CPU
		Release|Any CPU = Release|Any CPU
	EndGlobalSection
	GlobalSection(ProjectConfigurationPlatforms) = postSolution
		{7993BD2A-0B17-4987-B018-612B0C85CC84}.Debug|Any CPU.ActiveCfg = Debug|Any CPU
		{7993BD2A-0B17-4987-B018-612B0C85CC84}.Debug|Any CPU.Build.0 = Debug|Any CPU
		{7993BD2A-0B17-4987-B018-612B0C85CC84}.Release|Any CPU.ActiveCfg = Release|Any CPU
		{7993BD2A-0B17-4987-B018-612B0C85CC84}.Release|Any CPU.Build.0 = Release|Any CPU
	EndGlobalSection
	GlobalSection(SolutionProperties) = preSolution
		HideSolutionNode = FALSE
	EndGlobalSection
	GlobalSection(ExtensibilityGlobals) = postSolution
		SolutionGuid = {471A916C-A020-40C8-9B56-07B81C894D19}
	EndGlobalSection
EndGlobal
